
Microsoft Visual Studio Solution File, Format Version 12.00
# Visual Studio 15
VisualStudioVersion = 15.0.26124.0
MinimumVisualStudioVersion = 15.0.26124.0
Project("{FAE04EC0-301F-11D3-BF4B-00C04F79EFBC}") = "MarsRobot", "MarsRobot\MarsRobot.csproj", "{6388B0F7-F6BA-4D4A-B97D-EFABBB1923DA}"
EndProject
Project("{FAE04EC0-301F-11D3-BF4B-00C04F79EFBC}") = "Tests", "Tests\Tests.csproj", "{3E067CE6-769D-40B1-A8A3-52D861DBA48B}"
EndProject
Global
	GlobalSection(SolutionConfigurationPlatforms) = preSolution
		Debug|Any CPU = Debug|Any CPU
		Debug|x64 = Debug|x64
		Debug|x86 = Debug|x86
		Release|Any CPU = Release|Any CPU
		Release|x64 = Release|x64
		Release|x86 = Release|x86
	EndGlobalSection
	GlobalSection(SolutionProperties) = preSolution
		HideSolutionNode = FALSE
	EndGlobalSection
	GlobalSection(ProjectConfigurationPlatforms) = postSolution
		{6388B0F7-F6BA-4D4A-B97D-EFABBB1923DA}.Debug|Any CPU.ActiveCfg = Debug|Any CPU
		{6388B0F7-F6BA-4D4A-B97D-EFABBB1923DA}.Debug|Any CPU.Build.0 = Debug|Any CPU
		{6388B0F7-F6BA-4D4A-B97D-EFABBB1923DA}.Debug|x64.ActiveCfg = Debug|Any CPU
		{6388B0F7-F6BA-4D4A-B97D-EFABBB1923DA}.Debug|x64.Build.0 = Debug|Any CPU
		{6388B0F7-F6BA-4D4A-B97D-EFABBB1923DA}.Debug|x86.ActiveCfg = Debug|Any CPU
		{6388B0F7-F6BA-4D4A-B97D-EFABBB1923DA}.Debug|x86.Build.0 = Debug|Any CPU
		{6388B0F7-F6BA-4D4A-B97D-EFABBB1923DA}.Release|Any CPU.ActiveCfg = Release|Any CPU
		{6388B0F7-F6BA-4D4A-B97D-EFABBB1923DA}.Release|Any CPU.Build.0 = Release|Any CPU
		{6388B0F7-F6BA-4D4A-B97D-EFABBB1923DA}.Release|x64.ActiveCfg = Release|Any CPU
		{6388B0F7-F6BA-4D4A-B97D-EFABBB1923DA}.Release|x64.Build.0 = Release|Any CPU
		{6388B0F7-F6BA-4D4A-B97D-EFABBB1923DA}.Release|x86.ActiveCfg = Release|Any CPU
		{6388B0F7-F6BA-4D4A-B97D-EFABBB1923DA}.Release|x86.Build.0 = Release|Any CPU
		{3E067CE6-769D-40B1-A8A3-52D861DBA48B}.Debug|Any CPU.ActiveCfg = Debug|Any CPU
		{3E067CE6-769D-40B1-A8A3-52D861DBA48B}.Debug|Any CPU.Build.0 = Debug|Any CPU
		{3E067CE6-769D-40B1-A8A3-52D861DBA48B}.Debug|x64.ActiveCfg = Debug|Any CPU
		{3E067CE6-769D-40B1-A8A3-52D861DBA48B}.Debug|x64.Build.0 = Debug|Any CPU
		{3E067CE6-769D-40B1-A8A3-52D861DBA48B}.Debug|x86.ActiveCfg = Debug|Any CPU
		{3E067CE6-769D-40B1-A8A3-52D861DBA48B}.Debug|x86.Build.0 = Debug|Any CPU
		{3E067CE6-769D-40B1-A8A3-52D861DBA48B}.Release|Any CPU.ActiveCfg = Release|Any CPU
		{3E067CE6-769D-40B1-A8A3-52D861DBA48B}.Release|Any CPU.Build.0 = Release|Any CPU
		{3E067CE6-769D-40B1-A8A3-52D861DBA48B}.Release|x64.ActiveCfg = Release|Any CPU
		{3E067CE6-769D-40B1-A8A3-52D861DBA48B}.Release|x64.Build.0 = Release|Any CPU
		{3E067CE6-769D-40B1-A8A3-52D861DBA48B}.Release|x86.ActiveCfg = Release|Any CPU
		{3E067CE6-769D-40B1-A8A3-52D861DBA48B}.Release|x86.Build.0 = Release|Any CPU
	EndGlobalSection
EndGlobal
